{
  "nodes": {
    "devenv": {
      "locked": {
        "dir": "src/modules",
        "lastModified": 1789340509,
        "narHash": "sha256-It2AD16uFwiAe9GvuLbk+j+qTDrQxT3XPclL71ZnJ3I=",
        "owner": "cachix",
        "repo": "devenv",
        "rev": "6e830506b517d6a373f2dec6ee8c7f4683908856",
        "type": "github"
      },
      "original": {
        "dir": "src/modules",
        "owner": "cachix",
        "repo": "devenv",
        "type": "github"
      }
    },
    "flake-compat": {
      "flake": false,
      "locked": {
        "lastModified": 1767039857,
        "narHash": "sha256-vNpUSpF5Nuw8xvDLj2KCwwksIbjua2LZCqhV1LNRDns=",
        "owner": "NixOS",
        "repo": "flake-compat",
        "rev": "5edf11c44bc78a0d334f6334cdaf7d60d732daab",
        "type": "github"
      },
      "original": {
        "owner": "NixOS",
        "repo": "flake-compat",
        "type": "github"
      }
    },
    "git-hooks": {
      "inputs": {
        "flake-compat": "flake-compat",
        "nixpkgs": [
          "nixpkgs"
        ]
      },
      "locked": {
        "lastModified": 1788267358,
        "narHash": "sha256-nt+lUqYVpc9Y6JeMd2WmXzCDojasdadKo0mWcluvY2Y=",
        "owner": "cachix",
        "repo": "git-hooks.nix",
        "rev": "27555e2624241fb116b49095df4caaee85a25691",
        "type": "github"
      },
      "original": {
        "owner": "cachix",
        "repo": "git-hooks.nix",
        "type": "github"
      }
    },
    "nixpkgs": {
      "locked": {
        "lastModified": 1788752844,
        "narHash": "sha256-VaWGJ6+cIYN2erfSecbRV+4ljI185Ty2wUrXyvQbgOw=",
        "rev": "dc5d91f840324650bac8c379428c7037a416959a",
        "revCount": 1068949,
        "type": "tarball",
        "url": "https://api.flakehub.com/f/pinned/DeterminateSystems/nixpkgs-weekly/0.1.1068949%2Brev-dc5d91f840324650bac8c379428c7037a416959a/01a0a392-87f7-7a12-88cf-358485bd5ec1/source.tar.gz"
      },
      "original": {
        "type": "tarball",
        "url": "https://flakehub.com/f/DeterminateSystems/nixpkgs-weekly/0.1"
      }
    },
    "root": {
      "inputs": {
        "devenv": "devenv",
        "git-hooks": "git-hooks",
        "nixpkgs": "nixpkgs"
      }
    }
  },
  "root": "root",
  "version": 7
}